{
  "name": "gmid-generator",
  "version": "1.0.0",
  "lockfileVersion": 1,
  "requires": true,
  "dependencies": {
    "remove-accents": {
      "version": "git+ssh://git@rmdlkomrer9jxjuf.myfritz.net:422/fritz/remove-accents.git#0cf62909c71dab1307a6808514ee716e3314898c",
      "from": "git+ssh://git@rmdlkomrer9jxjuf.myfritz.net:422/fritz/remove-accents.git"
    }
  }
}
